
Microsoft Visual Studio Solution File, Format Version 12.00
# Visual Studio Version 17
VisualStudioVersion = 17.14.36310.24
MinimumVisualStudioVersion = 10.0.40219.1
Project("{FAE04EC0-301F-11D3-BF4B-00C04F79EFBC}") = "BR Borracharia", "BR Borracharia.csproj", "{ECFAE178-4ED3-4B82-850F-5F971ADB01F8}"
EndProject
Global
	GlobalSection(SolutionConfigurationPlatforms) = preSolution
		BR|Any CPU = BR|Any CPU
		Debug|Any CPU = Debug|Any CPU
		Release|Any CPU = Release|Any CPU
	EndGlobalSection
	GlobalSection(ProjectConfigurationPlatforms) = postSolution
		{ECFAE178-4ED3-4B82-850F-5F971ADB01F8}.BR|Any CPU.ActiveCfg = BR|Any CPU
		{ECFAE178-4ED3-4B82-850F-5F971ADB01F8}.BR|Any CPU.Build.0 = BR|Any CPU
		{ECFAE178-4ED3-4B82-850F-5F971ADB01F8}.Debug|Any CPU.ActiveCfg = Debug|Any CPU
		{ECFAE178-4ED3-4B82-850F-5F971ADB01F8}.Debug|Any CPU.Build.0 = Debug|Any CPU
		{ECFAE178-4ED3-4B82-850F-5F971ADB01F8}.Release|Any CPU.ActiveCfg = Release|Any CPU
		{ECFAE178-4ED3-4B82-850F-5F971ADB01F8}.Release|Any CPU.Build.0 = Release|Any CPU
	EndGlobalSection
	GlobalSection(SolutionProperties) = preSolution
		HideSolutionNode = FALSE
	EndGlobalSection
	GlobalSection(ExtensibilityGlobals) = postSolution
		SolutionGuid = {F03AEA5A-1F35-40BF-AB11-08FFB60A51B5}
	EndGlobalSection
EndGlobal
